
Microsoft Visual Studio Solution File, Format Version 12.00
# Visual Studio Version 17
VisualStudioVersion = 17.7.34018.315
MinimumVisualStudioVersion = 10.0.40219.1
Project("{FAE04EC0-301F-11D3-BF4B-00C04F79EFBC}") = "Maintenance_Records", "Maintenance_Records\Maintenance_Records.csproj", "{895D5B79-8F84-4BA4-B860-67EC24ED7E0E}"
EndProject
Global
	GlobalSection(SolutionConfigurationPlatforms) = preSolution
		Debug|Any CPU = Debug|Any CPU
		Release|Any CPU = Release|Any CPU
	EndGlobalSection
	GlobalSection(ProjectConfigurationPlatforms) = postSolution
		{895D5B79-8F84-4BA4-B860-67EC24ED7E0E}.Debug|Any CPU.ActiveCfg = Debug|Any CPU
		{895D5B79-8F84-4BA4-B860-67EC24ED7E0E}.Debug|Any CPU.Build.0 = Debug|Any CPU
		{895D5B79-8F84-4BA4-B860-67EC24ED7E0E}.Release|Any CPU.ActiveCfg = Release|Any CPU
		{895D5B79-8F84-4BA4-B860-67EC24ED7E0E}.Release|Any CPU.Build.0 = Release|Any CPU
	EndGlobalSection
	GlobalSection(SolutionProperties) = preSolution
		HideSolutionNode = FALSE
	EndGlobalSection
	GlobalSection(ExtensibilityGlobals) = postSolution
		SolutionGuid = {74A06B7C-957B-4C0E-9D3D-AB95DD3F0FE3}
	EndGlobalSection
EndGlobal
